github.com/google/go-cmp v0.6.0 h1:ofyhxvXcZhMsU5ulbFiLKl/XBFqE1GSq7atu8tAmTRI=
github.com/google/go-cmp v0.6.0/go.mod h1:17dUlkBOakJ0+DkrSSNjCkIjxS6bF9zb3elmeNGIjoY=
github.com/nexuer/ghttp v0.0.0-20241030062551-dbf46fb95ae5 h1:kdEQkavenHEpqFvAO8DC5vhzUxEcijvGovRu/fztpAQ=
github.com/nexuer/ghttp v0.0.0-20241030062551-dbf46fb95ae5/go.mod h1:eamUxeETS+1LwQW/BTsZhFL47l05TxPzsv8H9OmHtPA=
github.com/nexuer/ghttp v0.0.0-20250208080711-f19bb629968c h1:VeJDE8buSco1Mna+cLo/VF1+lL99SbrqNZ+IEKfkfuc=
github.com/nexuer/ghttp v0.0.0-20250208080711-f19bb629968c/go.mod h1:UU/J6fYuCdmeLISdgSSLqj5vdzZiqSQsBwBP8QzT3ao=
github.com/nexuer/utils v0.0.0-20240926060639-4709b0a8b125 h1:40t3YiOiQ9QRww1SvZBc83LJXTst2rp+HNLWL48F3b0=
github.com/nexuer/utils v0.0.0-20240926060639-4709b0a8b125/go.mod h1:rbLhfZdurGV3DlQiLGZJTyTwjILFboqA9DBM+AiX1y0=
github.com/nexuer/utils v0.0.0-20250227055018-464d18c3ed03 h1:/cIrDf2K+zVyP82bjdQbneDCzb7w6babhTs+SKvLrj8=
github.com/nexuer/utils v0.0.0-20250227055018-464d18c3ed03/go.mod h1:Bk8Vj5rftetCu46lfw20T+sMp8U9H8izT/o1SaZ67vw=
golang.org/x/time v0.7.0 h1:ntUhktv3OPE6TgYxXWv9vKvUSJyIFJlyohwbkEwPrKQ=
golang.org/x/time v0.7.0/go.mod h1:3BpzKBy/shNhVucY/MWOyx10tF3SFh9QdLuxbVysPQM=
google.golang.org/protobuf v1.35.1 h1:m3LfL6/Ca+fqnjnlqQXNpFPABW1UD7mjh8KO2mKFytA=
google.golang.org/protobuf v1.35.1/go.mod h1:9fA7Ob0pmnwhb644+1+CVWFRbNajQ6iRojtC/QF5bRE=
google.golang.org/protobuf v1.36.3 h1:82DV7MYdb8anAVi3qge1wSnMDrnKK7ebr+I0hHRN1BU=
google.golang.org/protobuf v1.36.3/go.mod h1:9fA7Ob0pmnwhb644+1+CVWFRbNajQ6iRojtC/QF5bRE=
gopkg.in/check.v1 v0.0.0-20161208181325-20d25e280405 h1:yhCVgyC4o1eVCa2tZl7eS0r+SDo693bJlVdllGtEeKM=
gopkg.in/check.v1 v0.0.0-20161208181325-20d25e280405/go.mod h1:Co6ibVJAznAaIkqp8huTwlJQCZ016jof/cbN4VW5Yz0=
gopkg.in/yaml.v3 v3.0.1 h1:fxVm/GzAzEWqLHuvctI91KS9hhNmmWOoWu0XTYJS7CA=
gopkg.in/yaml.v3 v3.0.1/go.mod h1:K4uyk7z7BCEPqu6E+C64Yfv1cQ7kz7rIZviUmN+EgEM=
